
Microsoft Visual Studio Solution File, Format Version 12.00
# Visual Studio Version 17
VisualStudioVersion = 17.4.33103.184
MinimumVisualStudioVersion = 10.0.40219.1
Project("{FAE04EC0-301F-11D3-BF4B-00C04F79EFBC}") = "GrpcService4", "GrpcService4\GrpcService4.csproj", "{C2C8E60E-7B2B-4CF4-AE79-C3986AF1FF90}"
EndProject
Project("{FAE04EC0-301F-11D3-BF4B-00C04F79EFBC}") = "GrpcClient", "GrpcClient\GrpcClient.csproj", "{9DB6F456-DE9C-46C2-9C26-68DE13E2F938}"
EndProject
Global
	GlobalSection(SolutionConfigurationPlatforms) = preSolution
		Debug|Any CPU = Debug|Any CPU
		Release|Any CPU = Release|Any CPU
	EndGlobalSection
	GlobalSection(ProjectConfigurationPlatforms) = postSolution
		{C2C8E60E-7B2B-4CF4-AE79-C3986AF1FF90}.Debug|Any CPU.ActiveCfg = Debug|Any CPU
		{C2C8E60E-7B2B-4CF4-AE79-C3986AF1FF90}.Debug|Any CPU.Build.0 = Debug|Any CPU
		{C2C8E60E-7B2B-4CF4-AE79-C3986AF1FF90}.Release|Any CPU.ActiveCfg = Release|Any CPU
		{C2C8E60E-7B2B-4CF4-AE79-C3986AF1FF90}.Release|Any CPU.Build.0 = Release|Any CPU
		{9DB6F456-DE9C-46C2-9C26-68DE13E2F938}.Debug|Any CPU.ActiveCfg = Debug|Any CPU
		{9DB6F456-DE9C-46C2-9C26-68DE13E2F938}.Debug|Any CPU.Build.0 = Debug|Any CPU
		{9DB6F456-DE9C-46C2-9C26-68DE13E2F938}.Release|Any CPU.ActiveCfg = Release|Any CPU
		{9DB6F456-DE9C-46C2-9C26-68DE13E2F938}.Release|Any CPU.Build.0 = Release|Any CPU
	EndGlobalSection
	GlobalSection(SolutionProperties) = preSolution
		HideSolutionNode = FALSE
	EndGlobalSection
	GlobalSection(ExtensibilityGlobals) = postSolution
		SolutionGuid = {D9E7A39E-AA41-462A-BD56-D4669BA293E4}
	EndGlobalSection
EndGlobal
